
Microsoft Visual Studio Solution File, Format Version 12.00
# Visual Studio Version 16
VisualStudioVersion = 16.0.30907.101
MinimumVisualStudioVersion = 10.0.40219.1
Project("{FAE04EC0-301F-11D3-BF4B-00C04F79EFBC}") = "Vd1_Chuong3", "Vd1_Chuong3\Vd1_Chuong3.csproj", "{16E90DAE-0B4E-475A-9F99-AD7F0917D8F0}"
EndProject
Global
	GlobalSection(SolutionConfigurationPlatforms) = preSolution
		Debug|Any CPU = Debug|Any CPU
		Release|Any CPU = Release|Any CPU
	EndGlobalSection
	GlobalSection(ProjectConfigurationPlatforms) = postSolution
		{16E90DAE-0B4E-475A-9F99-AD7F0917D8F0}.Debug|Any CPU.ActiveCfg = Debug|Any CPU
		{16E90DAE-0B4E-475A-9F99-AD7F0917D8F0}.Debug|Any CPU.Build.0 = Debug|Any CPU
		{16E90DAE-0B4E-475A-9F99-AD7F0917D8F0}.Release|Any CPU.ActiveCfg = Release|Any CPU
		{16E90DAE-0B4E-475A-9F99-AD7F0917D8F0}.Release|Any CPU.Build.0 = Release|Any CPU
	EndGlobalSection
	GlobalSection(SolutionProperties) = preSolution
		HideSolutionNode = FALSE
	EndGlobalSection
	GlobalSection(ExtensibilityGlobals) = postSolution
		SolutionGuid = {82854A47-BD06-4242-9DAB-99963372235A}
	EndGlobalSection
EndGlobal
