
Microsoft Visual Studio Solution File, Format Version 12.00
# Visual Studio Version 16
VisualStudioVersion = 16.0.31321.278
MinimumVisualStudioVersion = 10.0.40219.1
Project("{FAE04EC0-301F-11D3-BF4B-00C04F79EFBC}") = "ProgramOfFont", "ProgramOfFont\ProgramOfFont.csproj", "{1A6E309A-A319-489B-AED1-F1C4259B4465}"
EndProject
Global
	GlobalSection(SolutionConfigurationPlatforms) = preSolution
		Debug|Any CPU = Debug|Any CPU
		Release|Any CPU = Release|Any CPU
	EndGlobalSection
	GlobalSection(ProjectConfigurationPlatforms) = postSolution
		{1A6E309A-A319-489B-AED1-F1C4259B4465}.Debug|Any CPU.ActiveCfg = Debug|Any CPU
		{1A6E309A-A319-489B-AED1-F1C4259B4465}.Debug|Any CPU.Build.0 = Debug|Any CPU
		{1A6E309A-A319-489B-AED1-F1C4259B4465}.Release|Any CPU.ActiveCfg = Release|Any CPU
		{1A6E309A-A319-489B-AED1-F1C4259B4465}.Release|Any CPU.Build.0 = Release|Any CPU
	EndGlobalSection
	GlobalSection(SolutionProperties) = preSolution
		HideSolutionNode = FALSE
	EndGlobalSection
	GlobalSection(ExtensibilityGlobals) = postSolution
		SolutionGuid = {F84AC360-D964-45F7-9939-839D1B963800}
	EndGlobalSection
EndGlobal
