
Microsoft Visual Studio Solution File, Format Version 12.00
# Visual Studio Version 16
VisualStudioVersion = 16.0.31112.23
MinimumVisualStudioVersion = 10.0.40219.1
Project("{FAE04EC0-301F-11D3-BF4B-00C04F79EFBC}") = "MaTran", "MaTran\MaTran.csproj", "{24E6E915-39F5-47BB-8B5C-971D0CCD85AA}"
EndProject
Global
	GlobalSection(SolutionConfigurationPlatforms) = preSolution
		Debug|Any CPU = Debug|Any CPU
		Release|Any CPU = Release|Any CPU
	EndGlobalSection
	GlobalSection(ProjectConfigurationPlatforms) = postSolution
		{24E6E915-39F5-47BB-8B5C-971D0CCD85AA}.Debug|Any CPU.ActiveCfg = Debug|Any CPU
		{24E6E915-39F5-47BB-8B5C-971D0CCD85AA}.Debug|Any CPU.Build.0 = Debug|Any CPU
		{24E6E915-39F5-47BB-8B5C-971D0CCD85AA}.Release|Any CPU.ActiveCfg = Release|Any CPU
		{24E6E915-39F5-47BB-8B5C-971D0CCD85AA}.Release|Any CPU.Build.0 = Release|Any CPU
	EndGlobalSection
	GlobalSection(SolutionProperties) = preSolution
		HideSolutionNode = FALSE
	EndGlobalSection
	GlobalSection(ExtensibilityGlobals) = postSolution
		SolutionGuid = {F28961D2-FB10-4C2C-BCF4-4278FF617FA4}
	EndGlobalSection
EndGlobal
