
Microsoft Visual Studio Solution File, Format Version 12.00
# Visual Studio Version 16
VisualStudioVersion = 16.0.31025.194
MinimumVisualStudioVersion = 10.0.40219.1
Project("{FAE04EC0-301F-11D3-BF4B-00C04F79EFBC}") = "vd1_chuong5", "vd1_chuong5\vd1_chuong5.csproj", "{245AAC24-D5FF-4F4E-A629-E8BFEC8799D6}"
EndProject
Global
	GlobalSection(SolutionConfigurationPlatforms) = preSolution
		Debug|Any CPU = Debug|Any CPU
		Release|Any CPU = Release|Any CPU
	EndGlobalSection
	GlobalSection(ProjectConfigurationPlatforms) = postSolution
		{245AAC24-D5FF-4F4E-A629-E8BFEC8799D6}.Debug|Any CPU.ActiveCfg = Debug|Any CPU
		{245AAC24-D5FF-4F4E-A629-E8BFEC8799D6}.Debug|Any CPU.Build.0 = Debug|Any CPU
		{245AAC24-D5FF-4F4E-A629-E8BFEC8799D6}.Release|Any CPU.ActiveCfg = Release|Any CPU
		{245AAC24-D5FF-4F4E-A629-E8BFEC8799D6}.Release|Any CPU.Build.0 = Release|Any CPU
	EndGlobalSection
	GlobalSection(SolutionProperties) = preSolution
		HideSolutionNode = FALSE
	EndGlobalSection
	GlobalSection(ExtensibilityGlobals) = postSolution
		SolutionGuid = {4C0490CB-65F2-4038-832C-D219B4E7F1A6}
	EndGlobalSection
EndGlobal
