
Microsoft Visual Studio Solution File, Format Version 12.00
# Visual Studio Version 16
VisualStudioVersion = 16.0.31019.35
MinimumVisualStudioVersion = 10.0.40219.1
Project("{FAE04EC0-301F-11D3-BF4B-00C04F79EFBC}") = "Vd1_chuong4", "Vd1_chuong4\Vd1_chuong4.csproj", "{F4C925B1-7393-4122-909D-FE55AA9BA638}"
EndProject
Project("{FAE04EC0-301F-11D3-BF4B-00C04F79EFBC}") = "Vd2_chuong4", "Vd2_chuong4\Vd2_chuong4.csproj", "{4120F32B-8053-4A30-847A-F87E70D6662A}"
EndProject
Global
	GlobalSection(SolutionConfigurationPlatforms) = preSolution
		Debug|Any CPU = Debug|Any CPU
		Release|Any CPU = Release|Any CPU
	EndGlobalSection
	GlobalSection(ProjectConfigurationPlatforms) = postSolution
		{F4C925B1-7393-4122-909D-FE55AA9BA638}.Debug|Any CPU.ActiveCfg = Debug|Any CPU
		{F4C925B1-7393-4122-909D-FE55AA9BA638}.Debug|Any CPU.Build.0 = Debug|Any CPU
		{F4C925B1-7393-4122-909D-FE55AA9BA638}.Release|Any CPU.ActiveCfg = Release|Any CPU
		{F4C925B1-7393-4122-909D-FE55AA9BA638}.Release|Any CPU.Build.0 = Release|Any CPU
		{4120F32B-8053-4A30-847A-F87E70D6662A}.Debug|Any CPU.ActiveCfg = Debug|Any CPU
		{4120F32B-8053-4A30-847A-F87E70D6662A}.Debug|Any CPU.Build.0 = Debug|Any CPU
		{4120F32B-8053-4A30-847A-F87E70D6662A}.Release|Any CPU.ActiveCfg = Release|Any CPU
		{4120F32B-8053-4A30-847A-F87E70D6662A}.Release|Any CPU.Build.0 = Release|Any CPU
	EndGlobalSection
	GlobalSection(SolutionProperties) = preSolution
		HideSolutionNode = FALSE
	EndGlobalSection
	GlobalSection(ExtensibilityGlobals) = postSolution
		SolutionGuid = {2759E738-CF25-44EF-9CF3-3CDB64002C18}
	EndGlobalSection
EndGlobal
